
Microsoft Visual Studio Solution File, Format Version 12.00
# Visual Studio Version 16
VisualStudioVersion = 16.0.29519.87
MinimumVisualStudioVersion = 10.0.40219.1
Project("{FAE04EC0-301F-11D3-BF4B-00C04F79EFBC}") = "LCSMobile.Android", "LCSMobile\LCSMobile.Android\LCSMobile.Android.csproj", "{3E569409-8AE0-4449-A347-3BDC22592DCE}"
EndProject
Project("{FAE04EC0-301F-11D3-BF4B-00C04F79EFBC}") = "LCSMobile.iOS", "LCSMobile\LCSMobile.iOS\LCSMobile.iOS.csproj", "{67F1A9FD-8F91-441C-932E-19100DB15426}"
EndProject
Project("{FAE04EC0-301F-11D3-BF4B-00C04F79EFBC}") = "LCSMobile", "LCSMobile\LCSMobile\LCSMobile.csproj", "{B884BB99-9E97-431A-BA41-B9C88CCBF11A}"
EndProject
Global
	GlobalSection(SolutionConfigurationPlatforms) = preSolution
		Debug|Any CPU = Debug|Any CPU
		Debug|iPhone = Debug|iPhone
		Debug|iPhoneSimulator = Debug|iPhoneSimulator
		Release|Any CPU = Release|Any CPU
		Release|iPhone = Release|iPhone
		Release|iPhoneSimulator = Release|iPhoneSimulator
	EndGlobalSection
	GlobalSection(ProjectConfigurationPlatforms) = postSolution
		{3E569409-8AE0-4449-A347-3BDC22592DCE}.Debug|Any CPU.ActiveCfg = Debug|Any CPU
		{3E569409-8AE0-4449-A347-3BDC22592DCE}.Debug|Any CPU.Build.0 = Debug|Any CPU
		{3E569409-8AE0-4449-A347-3BDC22592DCE}.Debug|Any CPU.Deploy.0 = Debug|Any CPU
		{3E569409-8AE0-4449-A347-3BDC22592DCE}.Debug|iPhone.ActiveCfg = Debug|Any CPU
		{3E569409-8AE0-4449-A347-3BDC22592DCE}.Debug|iPhone.Build.0 = Debug|Any CPU
		{3E569409-8AE0-4449-A347-3BDC22592DCE}.Debug|iPhone.Deploy.0 = Debug|Any CPU
		{3E569409-8AE0-4449-A347-3BDC22592DCE}.Debug|iPhoneSimulator.ActiveCfg = Debug|Any CPU
		{3E569409-8AE0-4449-A347-3BDC22592DCE}.Debug|iPhoneSimulator.Build.0 = Debug|Any CPU
		{3E569409-8AE0-4449-A347-3BDC22592DCE}.Debug|iPhoneSimulator.Deploy.0 = Debug|Any CPU
		{3E569409-8AE0-4449-A347-3BDC22592DCE}.Release|Any CPU.ActiveCfg = Release|Any CPU
		{3E569409-8AE0-4449-A347-3BDC22592DCE}.Release|Any CPU.Build.0 = Release|Any CPU
		{3E569409-8AE0-4449-A347-3BDC22592DCE}.Release|Any CPU.Deploy.0 = Release|Any CPU
		{3E569409-8AE0-4449-A347-3BDC22592DCE}.Release|iPhone.ActiveCfg = Release|Any CPU
		{3E569409-8AE0-4449-A347-3BDC22592DCE}.Release|iPhone.Build.0 = Release|Any CPU
		{3E569409-8AE0-4449-A347-3BDC22592DCE}.Release|iPhone.Deploy.0 = Release|Any CPU
		{3E569409-8AE0-4449-A347-3BDC22592DCE}.Release|iPhoneSimulator.ActiveCfg = Release|Any CPU
		{3E569409-8AE0-4449-A347-3BDC22592DCE}.Release|iPhoneSimulator.Build.0 = Release|Any CPU
		{3E569409-8AE0-4449-A347-3BDC22592DCE}.Release|iPhoneSimulator.Deploy.0 = Release|Any CPU
		{67F1A9FD-8F91-441C-932E-19100DB15426}.Debug|Any CPU.ActiveCfg = Debug|iPhoneSimulator
		{67F1A9FD-8F91-441C-932E-19100DB15426}.Debug|Any CPU.Build.0 = Debug|iPhoneSimulator
		{67F1A9FD-8F91-441C-932E-19100DB15426}.Debug|Any CPU.Deploy.0 = Debug|iPhoneSimulator
		{67F1A9FD-8F91-441C-932E-19100DB15426}.Debug|iPhone.ActiveCfg = Debug|iPhone
		{67F1A9FD-8F91-441C-932E-19100DB15426}.Debug|iPhone.Build.0 = Debug|iPhone
		{67F1A9FD-8F91-441C-932E-19100DB15426}.Debug|iPhone.Deploy.0 = Debug|iPhone
		{67F1A9FD-8F91-441C-932E-19100DB15426}.Debug|iPhoneSimulator.ActiveCfg = Debug|iPhoneSimulator
		{67F1A9FD-8F91-441C-932E-19100DB15426}.Debug|iPhoneSimulator.Build.0 = Debug|iPhoneSimulator
		{67F1A9FD-8F91-441C-932E-19100DB15426}.Debug|iPhoneSimulator.Deploy.0 = Debug|iPhoneSimulator
		{67F1A9FD-8F91-441C-932E-19100DB15426}.Release|Any CPU.ActiveCfg = Release|iPhone
		{67F1A9FD-8F91-441C-932E-19100DB15426}.Release|Any CPU.Build.0 = Release|iPhone
		{67F1A9FD-8F91-441C-932E-19100DB15426}.Release|Any CPU.Deploy.0 = Release|iPhone
		{67F1A9FD-8F91-441C-932E-19100DB15426}.Release|iPhone.ActiveCfg = Release|iPhone
		{67F1A9FD-8F91-441C-932E-19100DB15426}.Release|iPhone.Build.0 = Release|iPhone
		{67F1A9FD-8F91-441C-932E-19100DB15426}.Release|iPhone.Deploy.0 = Release|iPhone
		{67F1A9FD-8F91-441C-932E-19100DB15426}.Release|iPhoneSimulator.ActiveCfg = Release|iPhoneSimulator
		{67F1A9FD-8F91-441C-932E-19100DB15426}.Release|iPhoneSimulator.Build.0 = Release|iPhoneSimulator
		{67F1A9FD-8F91-441C-932E-19100DB15426}.Release|iPhoneSimulator.Deploy.0 = Release|iPhoneSimulator
		{B884BB99-9E97-431A-BA41-B9C88CCBF11A}.Debug|Any CPU.ActiveCfg = Debug|Any CPU
		{B884BB99-9E97-431A-BA41-B9C88CCBF11A}.Debug|Any CPU.Build.0 = Debug|Any CPU
		{B884BB99-9E97-431A-BA41-B9C88CCBF11A}.Debug|Any CPU.Deploy.0 = Debug|Any CPU
		{B884BB99-9E97-431A-BA41-B9C88CCBF11A}.Debug|iPhone.ActiveCfg = Debug|Any CPU
		{B884BB99-9E97-431A-BA41-B9C88CCBF11A}.Debug|iPhone.Build.0 = Debug|Any CPU
		{B884BB99-9E97-431A-BA41-B9C88CCBF11A}.Debug|iPhone.Deploy.0 = Debug|Any CPU
		{B884BB99-9E97-431A-BA41-B9C88CCBF11A}.Debug|iPhoneSimulator.ActiveCfg = Debug|Any CPU
		{B884BB99-9E97-431A-BA41-B9C88CCBF11A}.Debug|iPhoneSimulator.Build.0 = Debug|Any CPU
		{B884BB99-9E97-431A-BA41-B9C88CCBF11A}.Debug|iPhoneSimulator.Deploy.0 = Debug|Any CPU
		{B884BB99-9E97-431A-BA41-B9C88CCBF11A}.Release|Any CPU.ActiveCfg = Release|Any CPU
		{B884BB99-9E97-431A-BA41-B9C88CCBF11A}.Release|Any CPU.Build.0 = Release|Any CPU
		{B884BB99-9E97-431A-BA41-B9C88CCBF11A}.Release|Any CPU.Deploy.0 = Release|Any CPU
		{B884BB99-9E97-431A-BA41-B9C88CCBF11A}.Release|iPhone.ActiveCfg = Release|Any CPU
		{B884BB99-9E97-431A-BA41-B9C88CCBF11A}.Release|iPhone.Build.0 = Release|Any CPU
		{B884BB99-9E97-431A-BA41-B9C88CCBF11A}.Release|iPhone.Deploy.0 = Release|Any CPU
		{B884BB99-9E97-431A-BA41-B9C88CCBF11A}.Release|iPhoneSimulator.ActiveCfg = Release|Any CPU
		{B884BB99-9E97-431A-BA41-B9C88CCBF11A}.Release|iPhoneSimulator.Build.0 = Release|Any CPU
		{B884BB99-9E97-431A-BA41-B9C88CCBF11A}.Release|iPhoneSimulator.Deploy.0 = Release|Any CPU
	EndGlobalSection
	GlobalSection(SolutionProperties) = preSolution
		HideSolutionNode = FALSE
	EndGlobalSection
	GlobalSection(ExtensibilityGlobals) = postSolution
		SolutionGuid = {F77CBB46-F8F7-4917-8E85-D879BCF391F8}
	EndGlobalSection
EndGlobal
